
Microsoft Visual Studio Solution File, Format Version 12.00
Project("{FAE04EC0-301F-11D3-BF4B-00C04F79EFBC}") = "LibraryManipulator", "LibraryManipulator\LibraryManipulator.csproj", "{4D3ACDC1-1AE7-444C-82E2-C51856227C70}"
EndProject
Global
	GlobalSection(SolutionConfigurationPlatforms) = preSolution
		Debug|Any CPU = Debug|Any CPU
		Release|Any CPU = Release|Any CPU
	EndGlobalSection
	GlobalSection(ProjectConfigurationPlatforms) = postSolution
		{4D3ACDC1-1AE7-444C-82E2-C51856227C70}.Debug|Any CPU.ActiveCfg = Debug|Any CPU
		{4D3ACDC1-1AE7-444C-82E2-C51856227C70}.Debug|Any CPU.Build.0 = Debug|Any CPU
		{4D3ACDC1-1AE7-444C-82E2-C51856227C70}.Release|Any CPU.ActiveCfg = Release|Any CPU
		{4D3ACDC1-1AE7-444C-82E2-C51856227C70}.Release|Any CPU.Build.0 = Release|Any CPU
	EndGlobalSection
EndGlobal
